
Microsoft Visual Studio Solution File, Format Version 12.00
# Visual Studio Version 17
VisualStudioVersion = 17.1.32414.318
MinimumVisualStudioVersion = 10.0.40219.1
Project("{FAE04EC0-301F-11D3-BF4B-00C04F79EFBC}") = "manApiSample", "manApiSample.csproj", "{6FD45D61-B516-4824-B4A4-7FBB9EB59501}"
EndProject
Global
	GlobalSection(SolutionConfigurationPlatforms) = preSolution
		Debug|Any CPU = Debug|Any CPU
		Release|Any CPU = Release|Any CPU
	EndGlobalSection
	GlobalSection(ProjectConfigurationPlatforms) = postSolution
		{6FD45D61-B516-4824-B4A4-7FBB9EB59501}.Debug|Any CPU.ActiveCfg = Debug|Any CPU
		{6FD45D61-B516-4824-B4A4-7FBB9EB59501}.Debug|Any CPU.Build.0 = Debug|Any CPU
		{6FD45D61-B516-4824-B4A4-7FBB9EB59501}.Release|Any CPU.ActiveCfg = Release|Any CPU
		{6FD45D61-B516-4824-B4A4-7FBB9EB59501}.Release|Any CPU.Build.0 = Release|Any CPU
	EndGlobalSection
	GlobalSection(SolutionProperties) = preSolution
		HideSolutionNode = FALSE
	EndGlobalSection
	GlobalSection(ExtensibilityGlobals) = postSolution
		SolutionGuid = {489CD2AB-A835-4138-9598-80462D818901}
	EndGlobalSection
EndGlobal
